
Microsoft Visual Studio Solution File, Format Version 12.00
# Visual Studio Version 16
VisualStudioVersion = 16.0.30523.141
MinimumVisualStudioVersion = 10.0.40219.1
Project("{FAE04EC0-301F-11D3-BF4B-00C04F79EFBC}") = "Cosa_Cristina_Lab6", "Cosa_Cristina_Lab6.csproj", "{A957CD5C-6C2D-4DD0-B563-3EE1F14BCE94}"
EndProject
Project("{FAE04EC0-301F-11D3-BF4B-00C04F79EFBC}") = "AutoLotModel", "..\AutoLotModel\AutoLotModel.csproj", "{B31AE4D5-9DC8-440E-99E1-41CC4AA309E1}"
EndProject
Global
	GlobalSection(SolutionConfigurationPlatforms) = preSolution
		Debug|Any CPU = Debug|Any CPU
		Release|Any CPU = Release|Any CPU
	EndGlobalSection
	GlobalSection(ProjectConfigurationPlatforms) = postSolution
		{A957CD5C-6C2D-4DD0-B563-3EE1F14BCE94}.Debug|Any CPU.ActiveCfg = Debug|Any CPU
		{A957CD5C-6C2D-4DD0-B563-3EE1F14BCE94}.Debug|Any CPU.Build.0 = Debug|Any CPU
		{A957CD5C-6C2D-4DD0-B563-3EE1F14BCE94}.Release|Any CPU.ActiveCfg = Release|Any CPU
		{A957CD5C-6C2D-4DD0-B563-3EE1F14BCE94}.Release|Any CPU.Build.0 = Release|Any CPU
		{B31AE4D5-9DC8-440E-99E1-41CC4AA309E1}.Debug|Any CPU.ActiveCfg = Debug|Any CPU
		{B31AE4D5-9DC8-440E-99E1-41CC4AA309E1}.Debug|Any CPU.Build.0 = Debug|Any CPU
		{B31AE4D5-9DC8-440E-99E1-41CC4AA309E1}.Release|Any CPU.ActiveCfg = Release|Any CPU
		{B31AE4D5-9DC8-440E-99E1-41CC4AA309E1}.Release|Any CPU.Build.0 = Release|Any CPU
	EndGlobalSection
	GlobalSection(SolutionProperties) = preSolution
		HideSolutionNode = FALSE
	EndGlobalSection
	GlobalSection(ExtensibilityGlobals) = postSolution
		SolutionGuid = {C4594DE7-9D8A-4343-9843-39BD3F0FB9D4}
	EndGlobalSection
EndGlobal
